Microsoft Visual Studio Solution File, Format Version 12.00
# Visual Studio Version 17
VisualStudioVersion = 17.5.2.0
MinimumVisualStudioVersion = 10.0.40219.1
Project("{2150E333-8FDC-42A3-9474-1A3956D46DE8}") = "WEEK1", "WEEK1", "{0377D431-4109-1088-BB8F-0E0CDFEAF817}"
EndProject
Project("{FAE04EC0-301F-11D3-BF4B-00C04F79EFBC}") = "TempApp", "WEEK1\TempApp\TempApp.csproj", "{5C9EB847-FC25-9FE7-15CD-A1729DA60584}"
EndProject
Global
	GlobalSection(SolutionConfigurationPlatforms) = preSolution
		Debug|Any CPU = Debug|Any CPU
		Release|Any CPU = Release|Any CPU
	EndGlobalSection
	GlobalSection(ProjectConfigurationPlatforms) = postSolution
		{5C9EB847-FC25-9FE7-15CD-A1729DA60584}.Debug|Any CPU.ActiveCfg = Debug|Any CPU
		{5C9EB847-FC25-9FE7-15CD-A1729DA60584}.Debug|Any CPU.Build.0 = Debug|Any CPU
		{5C9EB847-FC25-9FE7-15CD-A1729DA60584}.Release|Any CPU.ActiveCfg = Release|Any CPU
		{5C9EB847-FC25-9FE7-15CD-A1729DA60584}.Release|Any CPU.Build.0 = Release|Any CPU
	EndGlobalSection
	GlobalSection(SolutionProperties) = preSolution
		HideSolutionNode = FALSE
	EndGlobalSection
	GlobalSection(NestedProjects) = preSolution
		{5C9EB847-FC25-9FE7-15CD-A1729DA60584} = {0377D431-4109-1088-BB8F-0E0CDFEAF817}
	EndGlobalSection
	GlobalSection(ExtensibilityGlobals) = postSolution
		SolutionGuid = {F4151022-41A7-433D-A466-B8B707686368}
	EndGlobalSection
EndGlobal
